{
  "name": "lights_control",
  "version": "1.0.0",
  "lockfileVersion": 1,
  "requires": true,
  "dependencies": {
    "bindings": {
      "version": "1.3.0",
      "resolved": "https://registry.npmjs.org/bindings/-/bindings-1.3.0.tgz",
      "integrity": "sha512-DpLh5EzMR2kzvX1KIlVC0VkC3iZtHKTgdtZ0a3pglBZdaQFjt5S9g9xd1lE+YvXyfd6mtCeRnrUfOLYiTMlNSw=="
    },
    "epoll": {
      "version": "2.0.6",
      "resolved": "https://registry.npmjs.org/epoll/-/epoll-2.0.6.tgz",
      "integrity": "sha512-CtTAsX+Q+mpz6VHVtOSzbempais+FoDyrM6vBtvp+322YB93os/ZucdV8LTP4J1jZxaO1TPMSxWGKglc2P4PHA==",
      "requires": {
        "bindings": "^1.3.0",
        "nan": "^2.11.1"
      }
    },
    "jfile": {
      "version": "1.1.12",
      "resolved": "https://registry.npmjs.org/jfile/-/jfile-1.1.12.tgz",
      "integrity": "sha1-lQlqi1W76KdF7yP6V3DIF9EmhK4="
    },
    "lodash.debounce": {
      "version": "4.0.8",
      "resolved": "https://registry.npmjs.org/lodash.debounce/-/lodash.debounce-4.0.8.tgz",
      "integrity": "sha1-gteb/zCmfEAF/9XiUVMArZyk168="
    },
    "moment": {
      "version": "2.22.2",
      "resolved": "https://registry.npmjs.org/moment/-/moment-2.22.2.tgz",
      "integrity": "sha1-PCV/mDn8DpP/UxSWMiOeuQeD/2Y="
    },
    "nan": {
      "version": "2.11.1",
      "resolved": "https://registry.npmjs.org/nan/-/nan-2.11.1.tgz",
      "integrity": "sha512-iji6k87OSXa0CcrLl9z+ZiYSuR2o+c0bGuNmXdrhTQTakxytAFsC56SArGYoiHlJlFoHSnvmhpceZJaXkVuOtA=="
    },
    "node-etl": {
      "version": "1.0.3",
      "resolved": "https://registry.npmjs.org/node-etl/-/node-etl-1.0.3.tgz",
      "integrity": "sha1-txYQn3pGY/oA8+dysBMwmY3wxgU=",
      "requires": {
        "jfile": "^1.1.11",
        "x-class": "^1.0.11"
      }
    },
    "onoff": {
      "version": "3.2.2",
      "resolved": "https://registry.npmjs.org/onoff/-/onoff-3.2.2.tgz",
      "integrity": "sha512-wLxeB03QLSsbIhIqR24Ia137uyCKNR7O8SEnUhN4kmsrDrhZNVpSWfOC7Tp1bvz7qKLwfYICGYbPMjzun4opLg==",
      "requires": {
        "epoll": "^2.0.4",
        "lodash.debounce": "^4.0.8"
      }
    },
    "sun-time": {
      "version": "1.0.2",
      "resolved": "https://registry.npmjs.org/sun-time/-/sun-time-1.0.2.tgz",
      "integrity": "sha1-9lF2t2QATmAZMzRciDw+VLMbA9Q=",
      "requires": {
        "jfile": "^1.1.11",
        "node-etl": "^1.0.1",
        "x-class": "^1.0.7"
      }
    },
    "x-array": {
      "version": "1.0.15",
      "resolved": "https://registry.npmjs.org/x-array/-/x-array-1.0.15.tgz",
      "integrity": "sha1-JrZUks6s1XqY7668ZIkk4YGcAQg="
    },
    "x-class": {
      "version": "1.0.21",
      "resolved": "https://registry.npmjs.org/x-class/-/x-class-1.0.21.tgz",
      "integrity": "sha1-5/0DZmnv+I+W836NE4nFnlxUzJA=",
      "requires": {
        "x-array": "^1.0.15",
        "x-date": "^1.0.2",
        "x-function": "^1.0.3",
        "x-number": "^1.0.1",
        "x-object": "^1.0.2",
        "x-string": "^1.0.7"
      }
    },
    "x-date": {
      "version": "1.0.2",
      "resolved": "https://registry.npmjs.org/x-date/-/x-date-1.0.2.tgz",
      "integrity": "sha1-y6qB7cKhiMil99PyEaUG6xzWdh8="
    },
    "x-function": {
      "version": "1.0.3",
      "resolved": "https://registry.npmjs.org/x-function/-/x-function-1.0.3.tgz",
      "integrity": "sha1-bgi/P4shau2DS3PowGVT9Xp/HJc="
    },
    "x-number": {
      "version": "1.0.1",
      "resolved": "https://registry.npmjs.org/x-number/-/x-number-1.0.1.tgz",
      "integrity": "sha1-6NkBVEbYwDRYYnrD/z4+wOag48U="
    },
    "x-object": {
      "version": "1.0.10",
      "resolved": "https://registry.npmjs.org/x-object/-/x-object-1.0.10.tgz",
      "integrity": "sha1-k21rT+cnF6zALiLiZ6IuJ8/JtzY="
    },
    "x-string": {
      "version": "1.0.7",
      "resolved": "https://registry.npmjs.org/x-string/-/x-string-1.0.7.tgz",
      "integrity": "sha1-es9e5GlHJuD8MI3jY9cxrr2eE1w="
    }
  }
}
